
Microsoft Visual Studio Solution File, Format Version 12.00
# Visual Studio Version 17
VisualStudioVersion = 17.4.33213.308
MinimumVisualStudioVersion = 10.0.40219.1
Project("{9A19103F-16F7-4668-BE54-9A1E7A4F7556}") = "WebAPI", "WebAPI\WebAPI.csproj", "{C483822D-9377-4491-8398-C848E7BD0C16}"
EndProject
Project("{FAE04EC0-301F-11D3-BF4B-00C04F79EFBC}") = "WebAPITestProject", "WebAPITestProject\WebAPITestProject.csproj", "{B2B2427E-E256-43FD-94F6-8723F49A1266}"
EndProject
Global
	GlobalSection(SolutionConfigurationPlatforms) = preSolution
		Debug|Any CPU = Debug|Any CPU
		Release|Any CPU = Release|Any CPU
	EndGlobalSection
	GlobalSection(ProjectConfigurationPlatforms) = postSolution
		{C483822D-9377-4491-8398-C848E7BD0C16}.Debug|Any CPU.ActiveCfg = Debug|Any CPU
		{C483822D-9377-4491-8398-C848E7BD0C16}.Debug|Any CPU.Build.0 = Debug|Any CPU
		{C483822D-9377-4491-8398-C848E7BD0C16}.Release|Any CPU.ActiveCfg = Release|Any CPU
		{C483822D-9377-4491-8398-C848E7BD0C16}.Release|Any CPU.Build.0 = Release|Any CPU
		{B2B2427E-E256-43FD-94F6-8723F49A1266}.Debug|Any CPU.ActiveCfg = Debug|Any CPU
		{B2B2427E-E256-43FD-94F6-8723F49A1266}.Debug|Any CPU.Build.0 = Debug|Any CPU
		{B2B2427E-E256-43FD-94F6-8723F49A1266}.Release|Any CPU.ActiveCfg = Release|Any CPU
		{B2B2427E-E256-43FD-94F6-8723F49A1266}.Release|Any CPU.Build.0 = Release|Any CPU
	EndGlobalSection
	GlobalSection(SolutionProperties) = preSolution
		HideSolutionNode = FALSE
	EndGlobalSection
	GlobalSection(ExtensibilityGlobals) = postSolution
		SolutionGuid = {0022EF35-26A8-493A-94CB-FD7E488DCA88}
	EndGlobalSection
EndGlobal
